
Microsoft Visual Studio Solution File, Format Version 12.00
# Visual Studio Version 17
VisualStudioVersion = 17.2.32616.157
MinimumVisualStudioVersion = 10.0.40219.1
Project("{FAE04EC0-301F-11D3-BF4B-00C04F79EFBC}") = "ProsperityBank", "ProsperityBank\ProsperityBank.csproj", "{BEB60A3F-7A91-4AC1-92A3-3E1C495160CC}"
EndProject
Global
	GlobalSection(SolutionConfigurationPlatforms) = preSolution
		Debug|Any CPU = Debug|Any CPU
		Release|Any CPU = Release|Any CPU
	EndGlobalSection
	GlobalSection(ProjectConfigurationPlatforms) = postSolution
		{BEB60A3F-7A91-4AC1-92A3-3E1C495160CC}.Debug|Any CPU.ActiveCfg = Debug|Any CPU
		{BEB60A3F-7A91-4AC1-92A3-3E1C495160CC}.Debug|Any CPU.Build.0 = Debug|Any CPU
		{BEB60A3F-7A91-4AC1-92A3-3E1C495160CC}.Release|Any CPU.ActiveCfg = Release|Any CPU
		{BEB60A3F-7A91-4AC1-92A3-3E1C495160CC}.Release|Any CPU.Build.0 = Release|Any CPU
	EndGlobalSection
	GlobalSection(SolutionProperties) = preSolution
		HideSolutionNode = FALSE
	EndGlobalSection
	GlobalSection(ExtensibilityGlobals) = postSolution
		SolutionGuid = {BB5DF75A-836D-42E4-AE20-A8EA1282EDFF}
	EndGlobalSection
EndGlobal
